
Microsoft Visual Studio Solution File, Format Version 12.00
# Visual Studio Version 16
VisualStudioVersion = 16.0.29324.140
MinimumVisualStudioVersion = 10.0.40219.1
Project("{FAE04EC0-301F-11D3-BF4B-00C04F79EFBC}") = "ZadaniaDljaKollegi", "ZadaniaDljaKollegi.csproj", "{E8CCD567-E999-4A7A-B92C-B7BCDD13DB05}"
EndProject
Global
	GlobalSection(SolutionConfigurationPlatforms) = preSolution
		Debug|Any CPU = Debug|Any CPU
		Release|Any CPU = Release|Any CPU
	EndGlobalSection
	GlobalSection(ProjectConfigurationPlatforms) = postSolution
		{E8CCD567-E999-4A7A-B92C-B7BCDD13DB05}.Debug|Any CPU.ActiveCfg = Debug|Any CPU
		{E8CCD567-E999-4A7A-B92C-B7BCDD13DB05}.Debug|Any CPU.Build.0 = Debug|Any CPU
		{E8CCD567-E999-4A7A-B92C-B7BCDD13DB05}.Release|Any CPU.ActiveCfg = Release|Any CPU
		{E8CCD567-E999-4A7A-B92C-B7BCDD13DB05}.Release|Any CPU.Build.0 = Release|Any CPU
	EndGlobalSection
	GlobalSection(SolutionProperties) = preSolution
		HideSolutionNode = FALSE
	EndGlobalSection
	GlobalSection(ExtensibilityGlobals) = postSolution
		SolutionGuid = {97918B18-3CDF-4843-9CCD-A1E81BB53D3D}
	EndGlobalSection
EndGlobal
